
Microsoft Visual Studio Solution File, Format Version 12.00
# Visual Studio Version 17
VisualStudioVersion = 17.0.31903.59
MinimumVisualStudioVersion = 10.0.40219.1
Project("{FAE04EC0-301F-11D3-BF4B-00C04F79EFBC}") = "Application", "Application\Application.csproj", "{3880F4F4-9FCD-4929-8EF9-DFC78CDAB829}"
EndProject
Project("{FAE04EC0-301F-11D3-BF4B-00C04F79EFBC}") = "Domain", "Domain\Domain.csproj", "{BEB04286-B094-403B-8E34-CE20ED74E8BB}"
EndProject
Project("{FAE04EC0-301F-11D3-BF4B-00C04F79EFBC}") = "Infrastructure", "Infrastructure\Infrastructure.csproj", "{67A392EF-9018-44E7-8B41-C80EFCD5D458}"
EndProject
Project("{FAE04EC0-301F-11D3-BF4B-00C04F79EFBC}") = "WebAPI", "WebAPI\WebAPI.csproj", "{60BE27CA-0447-4B42-9248-1232B6CD390B}"
EndProject
Global
	GlobalSection(SolutionConfigurationPlatforms) = preSolution
		Debug|Any CPU = Debug|Any CPU
		Debug|x64 = Debug|x64
		Debug|x86 = Debug|x86
		Release|Any CPU = Release|Any CPU
		Release|x64 = Release|x64
		Release|x86 = Release|x86
	EndGlobalSection
	GlobalSection(ProjectConfigurationPlatforms) = postSolution
		{3880F4F4-9FCD-4929-8EF9-DFC78CDAB829}.Debug|Any CPU.ActiveCfg = Debug|Any CPU
		{3880F4F4-9FCD-4929-8EF9-DFC78CDAB829}.Debug|Any CPU.Build.0 = Debug|Any CPU
		{3880F4F4-9FCD-4929-8EF9-DFC78CDAB829}.Debug|x64.ActiveCfg = Debug|Any CPU
		{3880F4F4-9FCD-4929-8EF9-DFC78CDAB829}.Debug|x64.Build.0 = Debug|Any CPU
		{3880F4F4-9FCD-4929-8EF9-DFC78CDAB829}.Debug|x86.ActiveCfg = Debug|Any CPU
		{3880F4F4-9FCD-4929-8EF9-DFC78CDAB829}.Debug|x86.Build.0 = Debug|Any CPU
		{3880F4F4-9FCD-4929-8EF9-DFC78CDAB829}.Release|Any CPU.ActiveCfg = Release|Any CPU
		{3880F4F4-9FCD-4929-8EF9-DFC78CDAB829}.Release|Any CPU.Build.0 = Release|Any CPU
		{3880F4F4-9FCD-4929-8EF9-DFC78CDAB829}.Release|x64.ActiveCfg = Release|Any CPU
		{3880F4F4-9FCD-4929-8EF9-DFC78CDAB829}.Release|x64.Build.0 = Release|Any CPU
		{3880F4F4-9FCD-4929-8EF9-DFC78CDAB829}.Release|x86.ActiveCfg = Release|Any CPU
		{3880F4F4-9FCD-4929-8EF9-DFC78CDAB829}.Release|x86.Build.0 = Release|Any CPU
		{BEB04286-B094-403B-8E34-CE20ED74E8BB}.Debug|Any CPU.ActiveCfg = Debug|Any CPU
		{BEB04286-B094-403B-8E34-CE20ED74E8BB}.Debug|Any CPU.Build.0 = Debug|Any CPU
		{BEB04286-B094-403B-8E34-CE20ED74E8BB}.Debug|x64.ActiveCfg = Debug|Any CPU
		{BEB04286-B094-403B-8E34-CE20ED74E8BB}.Debug|x64.Build.0 = Debug|Any CPU
		{BEB04286-B094-403B-8E34-CE20ED74E8BB}.Debug|x86.ActiveCfg = Debug|Any CPU
		{BEB04286-B094-403B-8E34-CE20ED74E8BB}.Debug|x86.Build.0 = Debug|Any CPU
		{BEB04286-B094-403B-8E34-CE20ED74E8BB}.Release|Any CPU.ActiveCfg = Release|Any CPU
		{BEB04286-B094-403B-8E34-CE20ED74E8BB}.Release|Any CPU.Build.0 = Release|Any CPU
		{BEB04286-B094-403B-8E34-CE20ED74E8BB}.Release|x64.ActiveCfg = Release|Any CPU
		{BEB04286-B094-403B-8E34-CE20ED74E8BB}.Release|x64.Build.0 = Release|Any CPU
		{BEB04286-B094-403B-8E34-CE20ED74E8BB}.Release|x86.ActiveCfg = Release|Any CPU
		{BEB04286-B094-403B-8E34-CE20ED74E8BB}.Release|x86.Build.0 = Release|Any CPU
		{67A392EF-9018-44E7-8B41-C80EFCD5D458}.Debug|Any CPU.ActiveCfg = Debug|Any CPU
		{67A392EF-9018-44E7-8B41-C80EFCD5D458}.Debug|Any CPU.Build.0 = Debug|Any CPU
		{67A392EF-9018-44E7-8B41-C80EFCD5D458}.Debug|x64.ActiveCfg = Debug|Any CPU
		{67A392EF-9018-44E7-8B41-C80EFCD5D458}.Debug|x64.Build.0 = Debug|Any CPU
		{67A392EF-9018-44E7-8B41-C80EFCD5D458}.Debug|x86.ActiveCfg = Debug|Any CPU
		{67A392EF-9018-44E7-8B41-C80EFCD5D458}.Debug|x86.Build.0 = Debug|Any CPU
		{67A392EF-9018-44E7-8B41-C80EFCD5D458}.Release|Any CPU.ActiveCfg = Release|Any CPU
		{67A392EF-9018-44E7-8B41-C80EFCD5D458}.Release|Any CPU.Build.0 = Release|Any CPU
		{67A392EF-9018-44E7-8B41-C80EFCD5D458}.Release|x64.ActiveCfg = Release|Any CPU
		{67A392EF-9018-44E7-8B41-C80EFCD5D458}.Release|x64.Build.0 = Release|Any CPU
		{67A392EF-9018-44E7-8B41-C80EFCD5D458}.Release|x86.ActiveCfg = Release|Any CPU
		{67A392EF-9018-44E7-8B41-C80EFCD5D458}.Release|x86.Build.0 = Release|Any CPU
		{60BE27CA-0447-4B42-9248-1232B6CD390B}.Debug|Any CPU.ActiveCfg = Debug|Any CPU
		{60BE27CA-0447-4B42-9248-1232B6CD390B}.Debug|Any CPU.Build.0 = Debug|Any CPU
		{60BE27CA-0447-4B42-9248-1232B6CD390B}.Debug|x64.ActiveCfg = Debug|Any CPU
		{60BE27CA-0447-4B42-9248-1232B6CD390B}.Debug|x64.Build.0 = Debug|Any CPU
		{60BE27CA-0447-4B42-9248-1232B6CD390B}.Debug|x86.ActiveCfg = Debug|Any CPU
		{60BE27CA-0447-4B42-9248-1232B6CD390B}.Debug|x86.Build.0 = Debug|Any CPU
		{60BE27CA-0447-4B42-9248-1232B6CD390B}.Release|Any CPU.ActiveCfg = Release|Any CPU
		{60BE27CA-0447-4B42-9248-1232B6CD390B}.Release|Any CPU.Build.0 = Release|Any CPU
		{60BE27CA-0447-4B42-9248-1232B6CD390B}.Release|x64.ActiveCfg = Release|Any CPU
		{60BE27CA-0447-4B42-9248-1232B6CD390B}.Release|x64.Build.0 = Release|Any CPU
		{60BE27CA-0447-4B42-9248-1232B6CD390B}.Release|x86.ActiveCfg = Release|Any CPU
		{60BE27CA-0447-4B42-9248-1232B6CD390B}.Release|x86.Build.0 = Release|Any CPU
	EndGlobalSection
	GlobalSection(SolutionProperties) = preSolution
		HideSolutionNode = FALSE
	EndGlobalSection
EndGlobal
