
Microsoft Visual Studio Solution File, Format Version 12.00
# Visual Studio Version 17
VisualStudioVersion = 17.0.31903.59
MinimumVisualStudioVersion = 10.0.40219.1
Project("{FAE04EC0-301F-11D3-BF4B-00C04F79EFBC}") = "MyApp", "MyApp\MyApp.csproj", "{161F7D65-5A4D-4477-87CA-8B45C769B577}"
EndProject
Project("{FAE04EC0-301F-11D3-BF4B-00C04F79EFBC}") = "Domain", "Domain\Domain.csproj", "{DB8ACE4E-9B54-4BA6-BDA9-F61F29BEFFFC}"
EndProject
Project("{FAE04EC0-301F-11D3-BF4B-00C04F79EFBC}") = "Infrastructure", "Infrastructure\Infrastructure.csproj", "{A44F63E1-569E-42CD-A135-8275D8F30C85}"
EndProject
Global
	GlobalSection(SolutionConfigurationPlatforms) = preSolution
		Debug|Any CPU = Debug|Any CPU
		Debug|x64 = Debug|x64
		Debug|x86 = Debug|x86
		Release|Any CPU = Release|Any CPU
		Release|x64 = Release|x64
		Release|x86 = Release|x86
	EndGlobalSection
	GlobalSection(ProjectConfigurationPlatforms) = postSolution
		{161F7D65-5A4D-4477-87CA-8B45C769B577}.Debug|Any CPU.ActiveCfg = Debug|Any CPU
		{161F7D65-5A4D-4477-87CA-8B45C769B577}.Debug|Any CPU.Build.0 = Debug|Any CPU
		{161F7D65-5A4D-4477-87CA-8B45C769B577}.Debug|x64.ActiveCfg = Debug|Any CPU
		{161F7D65-5A4D-4477-87CA-8B45C769B577}.Debug|x64.Build.0 = Debug|Any CPU
		{161F7D65-5A4D-4477-87CA-8B45C769B577}.Debug|x86.ActiveCfg = Debug|Any CPU
		{161F7D65-5A4D-4477-87CA-8B45C769B577}.Debug|x86.Build.0 = Debug|Any CPU
		{161F7D65-5A4D-4477-87CA-8B45C769B577}.Release|Any CPU.ActiveCfg = Release|Any CPU
		{161F7D65-5A4D-4477-87CA-8B45C769B577}.Release|Any CPU.Build.0 = Release|Any CPU
		{161F7D65-5A4D-4477-87CA-8B45C769B577}.Release|x64.ActiveCfg = Release|Any CPU
		{161F7D65-5A4D-4477-87CA-8B45C769B577}.Release|x64.Build.0 = Release|Any CPU
		{161F7D65-5A4D-4477-87CA-8B45C769B577}.Release|x86.ActiveCfg = Release|Any CPU
		{161F7D65-5A4D-4477-87CA-8B45C769B577}.Release|x86.Build.0 = Release|Any CPU
		{DB8ACE4E-9B54-4BA6-BDA9-F61F29BEFFFC}.Debug|Any CPU.ActiveCfg = Debug|Any CPU
		{DB8ACE4E-9B54-4BA6-BDA9-F61F29BEFFFC}.Debug|Any CPU.Build.0 = Debug|Any CPU
		{DB8ACE4E-9B54-4BA6-BDA9-F61F29BEFFFC}.Debug|x64.ActiveCfg = Debug|Any CPU
		{DB8ACE4E-9B54-4BA6-BDA9-F61F29BEFFFC}.Debug|x64.Build.0 = Debug|Any CPU
		{DB8ACE4E-9B54-4BA6-BDA9-F61F29BEFFFC}.Debug|x86.ActiveCfg = Debug|Any CPU
		{DB8ACE4E-9B54-4BA6-BDA9-F61F29BEFFFC}.Debug|x86.Build.0 = Debug|Any CPU
		{DB8ACE4E-9B54-4BA6-BDA9-F61F29BEFFFC}.Release|Any CPU.ActiveCfg = Release|Any CPU
		{DB8ACE4E-9B54-4BA6-BDA9-F61F29BEFFFC}.Release|Any CPU.Build.0 = Release|Any CPU
		{DB8ACE4E-9B54-4BA6-BDA9-F61F29BEFFFC}.Release|x64.ActiveCfg = Release|Any CPU
		{DB8ACE4E-9B54-4BA6-BDA9-F61F29BEFFFC}.Release|x64.Build.0 = Release|Any CPU
		{DB8ACE4E-9B54-4BA6-BDA9-F61F29BEFFFC}.Release|x86.ActiveCfg = Release|Any CPU
		{DB8ACE4E-9B54-4BA6-BDA9-F61F29BEFFFC}.Release|x86.Build.0 = Release|Any CPU
		{A44F63E1-569E-42CD-A135-8275D8F30C85}.Debug|Any CPU.ActiveCfg = Debug|Any CPU
		{A44F63E1-569E-42CD-A135-8275D8F30C85}.Debug|Any CPU.Build.0 = Debug|Any CPU
		{A44F63E1-569E-42CD-A135-8275D8F30C85}.Debug|x64.ActiveCfg = Debug|Any CPU
		{A44F63E1-569E-42CD-A135-8275D8F30C85}.Debug|x64.Build.0 = Debug|Any CPU
		{A44F63E1-569E-42CD-A135-8275D8F30C85}.Debug|x86.ActiveCfg = Debug|Any CPU
		{A44F63E1-569E-42CD-A135-8275D8F30C85}.Debug|x86.Build.0 = Debug|Any CPU
		{A44F63E1-569E-42CD-A135-8275D8F30C85}.Release|Any CPU.ActiveCfg = Release|Any CPU
		{A44F63E1-569E-42CD-A135-8275D8F30C85}.Release|Any CPU.Build.0 = Release|Any CPU
		{A44F63E1-569E-42CD-A135-8275D8F30C85}.Release|x64.ActiveCfg = Release|Any CPU
		{A44F63E1-569E-42CD-A135-8275D8F30C85}.Release|x64.Build.0 = Release|Any CPU
		{A44F63E1-569E-42CD-A135-8275D8F30C85}.Release|x86.ActiveCfg = Release|Any CPU
		{A44F63E1-569E-42CD-A135-8275D8F30C85}.Release|x86.Build.0 = Release|Any CPU
	EndGlobalSection
	GlobalSection(SolutionProperties) = preSolution
		HideSolutionNode = FALSE
	EndGlobalSection
EndGlobal
